
Microsoft Visual Studio Solution File, Format Version 12.00
# Visual Studio Version 16
VisualStudioVersion = 16.0.31025.194
MinimumVisualStudioVersion = 10.0.40219.1
Project("{9A19103F-16F7-4668-BE54-9A1E7A4F7556}") = "Blinky", "Blinky\Blinky.csproj", "{D5D69083-DB93-40D4-9A2D-8139DD25C4C0}"
EndProject
Project("{FAE04EC0-301F-11D3-BF4B-00C04F79EFBC}") = "Hcsr04_Sensor", "Hcsr04\Hcsr04_Sensor.csproj", "{C414F07A-23B8-47A9-8314-C84E0A28AA2C}"
EndProject
Global
	GlobalSection(SolutionConfigurationPlatforms) = preSolution
		Debug|Any CPU = Debug|Any CPU
		Release|Any CPU = Release|Any CPU
	EndGlobalSection
	GlobalSection(ProjectConfigurationPlatforms) = postSolution
		{D5D69083-DB93-40D4-9A2D-8139DD25C4C0}.Debug|Any CPU.ActiveCfg = Debug|Any CPU
		{D5D69083-DB93-40D4-9A2D-8139DD25C4C0}.Debug|Any CPU.Build.0 = Debug|Any CPU
		{D5D69083-DB93-40D4-9A2D-8139DD25C4C0}.Release|Any CPU.ActiveCfg = Release|Any CPU
		{D5D69083-DB93-40D4-9A2D-8139DD25C4C0}.Release|Any CPU.Build.0 = Release|Any CPU
		{C414F07A-23B8-47A9-8314-C84E0A28AA2C}.Debug|Any CPU.ActiveCfg = Debug|Any CPU
		{C414F07A-23B8-47A9-8314-C84E0A28AA2C}.Debug|Any CPU.Build.0 = Debug|Any CPU
		{C414F07A-23B8-47A9-8314-C84E0A28AA2C}.Release|Any CPU.ActiveCfg = Release|Any CPU
		{C414F07A-23B8-47A9-8314-C84E0A28AA2C}.Release|Any CPU.Build.0 = Release|Any CPU
	EndGlobalSection
	GlobalSection(SolutionProperties) = preSolution
		HideSolutionNode = FALSE
	EndGlobalSection
	GlobalSection(ExtensibilityGlobals) = postSolution
		SolutionGuid = {3D203FA2-44A3-4091-9FF0-5277C001DB6A}
	EndGlobalSection
EndGlobal
